
Microsoft Visual Studio Solution File, Format Version 12.00
# Visual Studio 15
VisualStudioVersion = 15.0.27703.2035
MinimumVisualStudioVersion = 10.0.40219.1
Project("{8BC9CEB8-8B4A-11D0-8D11-00A0C91BC942}") = "Student_Roster", "Student_Roster\Student_Roster.vcxproj", "{2C5CC639-CE04-4736-A38F-0A1928754A68}"
EndProject
Global
	GlobalSection(SolutionConfigurationPlatforms) = preSolution
		Debug|x64 = Debug|x64
		Debug|x86 = Debug|x86
		Release|x64 = Release|x64
		Release|x86 = Release|x86
	EndGlobalSection
	GlobalSection(ProjectConfigurationPlatforms) = postSolution
		{2C5CC639-CE04-4736-A38F-0A1928754A68}.Debug|x64.ActiveCfg = Debug|x64
		{2C5CC639-CE04-4736-A38F-0A1928754A68}.Debug|x64.Build.0 = Debug|x64
		{2C5CC639-CE04-4736-A38F-0A1928754A68}.Debug|x86.ActiveCfg = Debug|Win32
		{2C5CC639-CE04-4736-A38F-0A1928754A68}.Debug|x86.Build.0 = Debug|Win32
		{2C5CC639-CE04-4736-A38F-0A1928754A68}.Release|x64.ActiveCfg = Release|x64
		{2C5CC639-CE04-4736-A38F-0A1928754A68}.Release|x64.Build.0 = Release|x64
		{2C5CC639-CE04-4736-A38F-0A1928754A68}.Release|x86.ActiveCfg = Release|Win32
		{2C5CC639-CE04-4736-A38F-0A1928754A68}.Release|x86.Build.0 = Release|Win32
	EndGlobalSection
	GlobalSection(SolutionProperties) = preSolution
		HideSolutionNode = FALSE
	EndGlobalSection
	GlobalSection(ExtensibilityGlobals) = postSolution
		SolutionGuid = {0CD883AA-A09A-4680-9D21-534176CE3159}
	EndGlobalSection
EndGlobal
